
Microsoft Visual Studio Solution File, Format Version 12.00
# Visual Studio Version 16
VisualStudioVersion = 16.0.810.23
MinimumVisualStudioVersion = 10.0.40219.1
Project("{FAE04EC0-301F-11D3-BF4B-00C04F79EFBC}") = "Stopwatch", "Stopwatch\Stopwatch.csproj", "{21F845FD-EF14-45A2-A4E1-301024A43957}"
EndProject
Global
	GlobalSection(SolutionConfigurationPlatforms) = preSolution
		Debug|Any CPU = Debug|Any CPU
		Release|Any CPU = Release|Any CPU
	EndGlobalSection
	GlobalSection(ProjectConfigurationPlatforms) = postSolution
		{21F845FD-EF14-45A2-A4E1-301024A43957}.Debug|Any CPU.ActiveCfg = Debug|Any CPU
		{21F845FD-EF14-45A2-A4E1-301024A43957}.Debug|Any CPU.Build.0 = Debug|Any CPU
		{21F845FD-EF14-45A2-A4E1-301024A43957}.Release|Any CPU.ActiveCfg = Release|Any CPU
		{21F845FD-EF14-45A2-A4E1-301024A43957}.Release|Any CPU.Build.0 = Release|Any CPU
	EndGlobalSection
	GlobalSection(SolutionProperties) = preSolution
		HideSolutionNode = FALSE
	EndGlobalSection
	GlobalSection(ExtensibilityGlobals) = postSolution
		SolutionGuid = {BB16E3BA-4B34-41A9-834E-4E0C3BBCE52F}
	EndGlobalSection
EndGlobal
